
Microsoft Visual Studio Solution File, Format Version 12.00
# Visual Studio Version 16
VisualStudioVersion = 16.0.31112.23
MinimumVisualStudioVersion = 10.0.40219.1
Project("{FAE04EC0-301F-11D3-BF4B-00C04F79EFBC}") = "PoeDesign", "PoeDesign.csproj", "{840A80DB-955F-4063-9FBF-9023C46AE27F}"
EndProject
Global
	GlobalSection(SolutionConfigurationPlatforms) = preSolution
		Debug|Any CPU = Debug|Any CPU
		Release|Any CPU = Release|Any CPU
	EndGlobalSection
	GlobalSection(ProjectConfigurationPlatforms) = postSolution
		{840A80DB-955F-4063-9FBF-9023C46AE27F}.Debug|Any CPU.ActiveCfg = Debug|Any CPU
		{840A80DB-955F-4063-9FBF-9023C46AE27F}.Debug|Any CPU.Build.0 = Debug|Any CPU
		{840A80DB-955F-4063-9FBF-9023C46AE27F}.Release|Any CPU.ActiveCfg = Release|Any CPU
		{840A80DB-955F-4063-9FBF-9023C46AE27F}.Release|Any CPU.Build.0 = Release|Any CPU
	EndGlobalSection
	GlobalSection(SolutionProperties) = preSolution
		HideSolutionNode = FALSE
	EndGlobalSection
	GlobalSection(ExtensibilityGlobals) = postSolution
		SolutionGuid = {381202AC-4B4C-464F-A79B-947DFB8A5F07}
	EndGlobalSection
EndGlobal
